{
  "requires": true,
  "lockfileVersion": 1,
  "dependencies": {
    "leaflet-geosearch": {
      "version": "2.6.0",
      "resolved": "https://registry.npmjs.org/leaflet-geosearch/-/leaflet-geosearch-2.6.0.tgz",
      "integrity": "sha1-kbJ6dy34WqeL+y9fjED9qhY48xc=",
      "requires": {
        "lodash.debounce": "4.0.8",
        "nodent-runtime": "3.2.1"
      }
    },
    "lodash.debounce": {
      "version": "4.0.8",
      "resolved": "https://registry.npmjs.org/lodash.debounce/-/lodash.debounce-4.0.8.tgz",
      "integrity": "sha1-gteb/zCmfEAF/9XiUVMArZyk168="
    },
    "nodent-runtime": {
      "version": "3.2.1",
      "resolved": "https://registry.npmjs.org/nodent-runtime/-/nodent-runtime-3.2.1.tgz",
      "integrity": "sha512-7Ws63oC+215smeKJQCxzrK21VFVlCFBkwl0MOObt0HOpVQXs3u483sAmtkF33nNqZ5rSOQjB76fgyPBmAUrtCA=="
    }
  }
}
